{
  "projects": [
    {
      "projectId": "7oPfhPPkksvSwaMRWZCjSk",
      "version": "latest",
      "dependencies": {},
      "lang": "js",
      "fileLocks": [
        {
          "type": "globalVariant",
          "assetId": "tWRWY8AFxJ62i",
          "checksum": "adc7cdb3010cdcbf69cefa1a826cf9e5"
        },
        {
          "type": "renderModule",
          "assetId": "RSi1xR0PXoo7E",
          "checksum": "62945c057de03aa58915303851ed0b19"
        },
        {
          "type": "cssRules",
          "assetId": "RSi1xR0PXoo7E",
          "checksum": "62945c057de03aa58915303851ed0b19"
        },
        {
          "type": "image",
          "assetId": "q-0pPqQgVD_12",
          "checksum": "192dc869c2a677ef25ffcde254f341b2"
        },
        {
          "type": "image",
          "assetId": "Jpw_z9FMs3JdY",
          "checksum": "c616149bc89e8bef909ac6a6af924bc6"
        },
        {
          "type": "image",
          "assetId": "JRcjTxqKh6qtH",
          "checksum": "08e3f5806814294078f333373ceb6fe2"
        },
        {
          "type": "image",
          "assetId": "J3bSzGoRr82zj",
          "checksum": "c4a0482e0a6277a03c7b5de6db4a4696"
        },
        {
          "type": "image",
          "assetId": "dILYqTv6AslHH",
          "checksum": "ab4479287d2f74e497f12ae84fe0262f"
        },
        {
          "type": "image",
          "assetId": "ib8gyUuG9tu2t",
          "checksum": "54f6b661b32ab2656be732be298a20f3"
        },
        {
          "type": "image",
          "assetId": "utWgJlC4z_eay",
          "checksum": "a1274d4aa7443dc03feae2c9ac5cfe35"
        },
        {
          "type": "image",
          "assetId": "AUA2HY8aaqPZk",
          "checksum": "d4b089a717a071eaabc11c9e5e508ccd"
        },
        {
          "type": "image",
          "assetId": "VcPYfc2jsuLcA",
          "checksum": "f9cd230ccfb22443967ce0b4cd2fc4ff"
        },
        {
          "type": "image",
          "assetId": "NrcONK9boJVAh",
          "checksum": "b6c5cba9240ba88531c83fe06ea2597e"
        },
        {
          "type": "image",
          "assetId": "5q0zgqiq1qgV7",
          "checksum": "fb927d0cadee43bfdaccc09999e5423c"
        },
        {
          "type": "image",
          "assetId": "gdn6Ok2RSV1mO",
          "checksum": "b22356193d725af7ebcf62ae1e66e548"
        },
        {
          "type": "image",
          "assetId": "Cv0qwLwJMs9o_",
          "checksum": "21d724130f11f06f6022a04f48f73894"
        },
        {
          "type": "image",
          "assetId": "MRzgUUerEbq62",
          "checksum": "79fae2c63352d0873676a88ab59db7db"
        },
        {
          "assetId": "7oPfhPPkksvSwaMRWZCjSk",
          "type": "projectCss",
          "checksum": "e32e2a82f0de5f175a4d9a76eb0d2cba"
        },
        {
          "type": "renderModule",
          "assetId": "XxhJKkLZ0g",
          "checksum": "64e856b37a1cf1de90008187b4f602d0"
        },
        {
          "type": "cssRules",
          "assetId": "XxhJKkLZ0g",
          "checksum": "64e856b37a1cf1de90008187b4f602d0"
        },
        {
          "type": "icon",
          "assetId": "wrQaf7yjSm5KS",
          "checksum": "f811c5d0ab580bd5b3c9b5dad75e516b"
        },
        {
          "type": "icon",
          "assetId": "kDe9R8rrVpXCi",
          "checksum": "e9f0071f609cd9bce6ff5b9e5160db80"
        },
        {
          "type": "icon",
          "assetId": "uDRdW44miHK",
          "checksum": "8e6a791ff4fa1696c3ed5b0255ac7322"
        },
        {
          "type": "image",
          "assetId": "ubHZPpONu",
          "checksum": "790abc45fce144da0781e7dae18d623b"
        },
        {
          "type": "image",
          "assetId": "3NLv70AfO0",
          "checksum": "46b3ab715c95360a7a7d9500b656539e"
        },
        {
          "type": "image",
          "assetId": "mCTO9_v-ZC",
          "checksum": "f3cae04da84dcea9a059a1138c6f0d85"
        },
        {
          "type": "image",
          "assetId": "EaMrAZcfvJ",
          "checksum": "4b777dad5f9a886d71f347f85ff4516a"
        },
        {
          "type": "image",
          "assetId": "Rb2Czm1yHj",
          "checksum": "3a3a0036fc23c5832f2cb6815028e677"
        },
        {
          "type": "image",
          "assetId": "es32BJSKwL",
          "checksum": "3d350255a38b25f0c4c948ac890ec7cc"
        },
        {
          "type": "image",
          "assetId": "OydhsvYvBJ",
          "checksum": "0b2f68f3ae97ba735487930db45c4b9f"
        },
        {
          "type": "image",
          "assetId": "gzA9HBGB0Q",
          "checksum": "ac2231fcfd9b21bda51718915f86edef"
        },
        {
          "type": "image",
          "assetId": "zOMnQkDCW0",
          "checksum": "eaf122593abb6a1ef58f39ec387ec471"
        },
        {
          "type": "image",
          "assetId": "2WhTkMiwM0",
          "checksum": "ebe8a773c8c0b60bd57cd74afc3fdb09"
        },
        {
          "type": "image",
          "assetId": "kDsfJZdvAK",
          "checksum": "5a2590afa1e98324374c3486031c991b"
        },
        {
          "type": "image",
          "assetId": "MUhXAH2Cf0p",
          "checksum": "6d6c788af50b5a92517230d5b73e700c"
        },
        {
          "type": "image",
          "assetId": "mxZ426ve1",
          "checksum": "62c03752d09e0bbd053d4db5a6f6c60f"
        },
        {
          "type": "image",
          "assetId": "5tNtwky7G",
          "checksum": "897ed9b4a64aeb872474d652794788e2"
        },
        {
          "type": "image",
          "assetId": "rmS_9nny1",
          "checksum": "b2a2aa7aa31a0da87696d69c2a226b1a"
        },
        {
          "type": "image",
          "assetId": "rIS-J5ZUB",
          "checksum": "d44f82ebff20e85ecdf79c5d96449b0c"
        },
        {
          "type": "image",
          "assetId": "lja27hg-_",
          "checksum": "cf7f7cfed47d1e69d8ce9a588d09d7ee"
        },
        {
          "type": "image",
          "assetId": "U-b6wTPVvO",
          "checksum": "ab9bc502c73882495cf60d72c4b58d8a"
        },
        {
          "type": "image",
          "assetId": "NJvR2SyY5i",
          "checksum": "13f6fb1be1e3b3953a1ceb731cfb22f4"
        },
        {
          "type": "image",
          "assetId": "gHIPrT-Ceo",
          "checksum": "edeb3e62cab189707cec7f73a617a582"
        },
        {
          "type": "image",
          "assetId": "CemQdwHcx",
          "checksum": "ac9e55540f04b61193089c664a8e84e5"
        },
        {
          "type": "image",
          "assetId": "G-VwvYYUPD",
          "checksum": "7711c06ba9f67f9e9b9d11a90f2a0dd2"
        },
        {
          "type": "image",
          "assetId": "Iv2ch0Y19i",
          "checksum": "8ac05f3646a81a3e5818061709c3c954"
        },
        {
          "type": "image",
          "assetId": "7ghdR_imeD",
          "checksum": "2b1fe080cc7d9b01bd5186ec016d5c01"
        },
        {
          "type": "image",
          "assetId": "cvgKGpg-f0",
          "checksum": "33ffeb235acb7b25cd6dfc0587f02d78"
        },
        {
          "type": "image",
          "assetId": "0z9drhDNv",
          "checksum": "661d5e893d2d58de2e2726dd55690ba4"
        },
        {
          "type": "image",
          "assetId": "SUKC093eZ",
          "checksum": "a5802ad97c13a97e20caba5ec3fe3692"
        },
        {
          "type": "image",
          "assetId": "em1l-eUmj8",
          "checksum": "e01b0f311763db8e4b968c887cfbcd12"
        },
        {
          "type": "image",
          "assetId": "1ipiqU4yf",
          "checksum": "0d0e60eb5c9b069a027d112be55dc613"
        }
      ]
    }
  ],
  "cliVersion": "0.1.152"
}
